
Microsoft Visual Studio Solution File, Format Version 12.00
# Visual Studio Version 17
VisualStudioVersion = 17.5.002.0
MinimumVisualStudioVersion = 10.0.40219.1
Project("{9A19103F-16F7-4668-BE54-9A1E7A4F7556}") = "testing", "testing\testing.csproj", "{7EB18BDB-2AA0-4C9D-84D6-73886E0342C9}"
EndProject
Project("{2150E333-8FDC-42A3-9474-1A3956D46DE8}") = "class projects", "class projects", "{6774AC91-0318-4C96-A0A0-02A9D8794EEE}"
EndProject
Project("{9A19103F-16F7-4668-BE54-9A1E7A4F7556}") = "journal", "class projects\journal\journal.csproj", "{2CA947BA-1311-46AC-BAE5-E47DB75D5B1D}"
EndProject
Project("{9A19103F-16F7-4668-BE54-9A1E7A4F7556}") = "scripture", "class projects\scripture\scripture.csproj", "{DF0EE116-2FD2-4026-BF2D-FD547A41A84B}"
EndProject
Project("{2150E333-8FDC-42A3-9474-1A3956D46DE8}") = "csharp-prep", "csharp-prep", "{2E36F7B3-DFE8-470F-89C5-815E5ED3F940}"
EndProject
Project("{9A19103F-16F7-4668-BE54-9A1E7A4F7556}") = "Prep1", "csharp-prep\Prep1\Prep1.csproj", "{ECB577C6-B2F6-4C74-A1DF-B7C8C936C14A}"
EndProject
Project("{9A19103F-16F7-4668-BE54-9A1E7A4F7556}") = "Prep2", "csharp-prep\Prep2\Prep2.csproj", "{9873B157-A162-4679-AAA4-9FA22A676F71}"
EndProject
Project("{9A19103F-16F7-4668-BE54-9A1E7A4F7556}") = "Prep3", "csharp-prep\Prep3\Prep3.csproj", "{541C4FF1-C405-4729-904E-96F850307306}"
EndProject
Project("{9A19103F-16F7-4668-BE54-9A1E7A4F7556}") = "Prep4", "csharp-prep\Prep4\Prep4.csproj", "{9A51035D-D926-4F1F-AD24-81340488BAA0}"
EndProject
Project("{9A19103F-16F7-4668-BE54-9A1E7A4F7556}") = "Prep5", "csharp-prep\Prep5\Prep5.csproj", "{E3B92A6B-EEBA-46DE-8170-39484C70010D}"
EndProject
Project("{2150E333-8FDC-42A3-9474-1A3956D46DE8}") = "final", "final", "{53111107-679F-4941-8899-A8C538421F6C}"
EndProject
Project("{9A19103F-16F7-4668-BE54-9A1E7A4F7556}") = "FinalProject", "final\FinalProject\FinalProject.csproj", "{E2A812E6-D9D3-474C-9D7F-DA837782EB3D}"
EndProject
Project("{9A19103F-16F7-4668-BE54-9A1E7A4F7556}") = "Foundation1", "final\Foundation1\Foundation1.csproj", "{3AFA4C34-9D85-45BF-B437-BB59E534AE30}"
EndProject
Project("{9A19103F-16F7-4668-BE54-9A1E7A4F7556}") = "Foundation2", "final\Foundation2\Foundation2.csproj", "{5D40B7AE-519B-4154-A95E-F2D237B691F6}"
EndProject
Project("{9A19103F-16F7-4668-BE54-9A1E7A4F7556}") = "Foundation3", "final\Foundation3\Foundation3.csproj", "{7F58E7EB-ED7D-4AAE-BEC1-933A02F129C6}"
EndProject
Project("{9A19103F-16F7-4668-BE54-9A1E7A4F7556}") = "Foundation4", "final\Foundation4\Foundation4.csproj", "{CE614EB4-F889-4677-8A6A-6E1549BC2CC0}"
EndProject
Project("{2150E333-8FDC-42A3-9474-1A3956D46DE8}") = "in class", "in class", "{94A456D2-8B92-4478-9CA7-C9FD1D4DB968}"
EndProject
Project("{9A19103F-16F7-4668-BE54-9A1E7A4F7556}") = "book keeper", "in class\book keeper\book keeper.csproj", "{532ABD2C-15EE-43B8-BCA3-C89AE4527194}"
EndProject
Project("{9A19103F-16F7-4668-BE54-9A1E7A4F7556}") = "laptop", "in class\laptop\laptop.csproj", "{20874686-3CC9-4485-9BF5-85B2ED013D33}"
EndProject
Project("{9A19103F-16F7-4668-BE54-9A1E7A4F7556}") = "tournament", "in class\tournament\tournament.csproj", "{9726590A-5811-4FC9-969E-3D796E46B418}"
EndProject
Project("{2150E333-8FDC-42A3-9474-1A3956D46DE8}") = "prepare", "prepare", "{6A9349D9-C2DD-4654-9210-0B0AC5F229E8}"
EndProject
Project("{9A19103F-16F7-4668-BE54-9A1E7A4F7556}") = "Learning02", "prepare\Learning02\Learning02.csproj", "{3BEC098E-A8F9-43AD-913C-0BD7484C7CA8}"
EndProject
Project("{9A19103F-16F7-4668-BE54-9A1E7A4F7556}") = "Learning03", "prepare\Learning03\Learning03.csproj", "{ADE7E5F1-D3F1-441B-A88E-5DBC0DF13237}"
EndProject
Project("{9A19103F-16F7-4668-BE54-9A1E7A4F7556}") = "Learning04", "prepare\Learning04\Learning04.csproj", "{6E871670-128E-4F13-A102-BFE0E69154FB}"
EndProject
Project("{9A19103F-16F7-4668-BE54-9A1E7A4F7556}") = "Learning05", "prepare\Learning05\Learning05.csproj", "{9BD47A26-55D5-4CCD-AC02-236A0432076C}"
EndProject
Project("{2150E333-8FDC-42A3-9474-1A3956D46DE8}") = "prove", "prove", "{93948657-8EF9-4B70-B831-9A0E1C71FDC9}"
EndProject
Project("{9A19103F-16F7-4668-BE54-9A1E7A4F7556}") = "Develop02", "prove\Develop02\Develop02.csproj", "{1014B4E8-8E99-4FE2-8648-1AE6E730E935}"
EndProject
Project("{9A19103F-16F7-4668-BE54-9A1E7A4F7556}") = "Develop03", "prove\Develop03\Develop03.csproj", "{23FCF9B2-A5F3-4563-889D-0068B154796D}"
EndProject
Project("{9A19103F-16F7-4668-BE54-9A1E7A4F7556}") = "Develop04", "prove\Develop04\Develop04.csproj", "{894908F2-01CE-4FA5-AE0A-C5A56326EF09}"
EndProject
Project("{9A19103F-16F7-4668-BE54-9A1E7A4F7556}") = "Develop05", "prove\Develop05\Develop05.csproj", "{731A2C6B-4CCA-4BB7-AE68-E723D601753D}"
EndProject
Project("{2150E333-8FDC-42A3-9474-1A3956D46DE8}") = "sandbox", "sandbox", "{AF6FED14-C2C3-4543-A3D3-A405B433E400}"
EndProject
Project("{9A19103F-16F7-4668-BE54-9A1E7A4F7556}") = "Sandbox", "sandbox\Sandbox\Sandbox.csproj", "{DBEF6A18-142B-4815-B91B-5ADD686DDC6B}"
EndProject
Global
	GlobalSection(SolutionConfigurationPlatforms) = preSolution
		Debug|Any CPU = Debug|Any CPU
		Release|Any CPU = Release|Any CPU
	EndGlobalSection
	GlobalSection(ProjectConfigurationPlatforms) = postSolution
		{7EB18BDB-2AA0-4C9D-84D6-73886E0342C9}.Debug|Any CPU.ActiveCfg = Debug|Any CPU
		{7EB18BDB-2AA0-4C9D-84D6-73886E0342C9}.Debug|Any CPU.Build.0 = Debug|Any CPU
		{7EB18BDB-2AA0-4C9D-84D6-73886E0342C9}.Release|Any CPU.ActiveCfg = Release|Any CPU
		{7EB18BDB-2AA0-4C9D-84D6-73886E0342C9}.Release|Any CPU.Build.0 = Release|Any CPU
		{2CA947BA-1311-46AC-BAE5-E47DB75D5B1D}.Debug|Any CPU.ActiveCfg = Debug|Any CPU
		{2CA947BA-1311-46AC-BAE5-E47DB75D5B1D}.Debug|Any CPU.Build.0 = Debug|Any CPU
		{2CA947BA-1311-46AC-BAE5-E47DB75D5B1D}.Release|Any CPU.ActiveCfg = Release|Any CPU
		{2CA947BA-1311-46AC-BAE5-E47DB75D5B1D}.Release|Any CPU.Build.0 = Release|Any CPU
		{DF0EE116-2FD2-4026-BF2D-FD547A41A84B}.Debug|Any CPU.ActiveCfg = Debug|Any CPU
		{DF0EE116-2FD2-4026-BF2D-FD547A41A84B}.Debug|Any CPU.Build.0 = Debug|Any CPU
		{DF0EE116-2FD2-4026-BF2D-FD547A41A84B}.Release|Any CPU.ActiveCfg = Release|Any CPU
		{DF0EE116-2FD2-4026-BF2D-FD547A41A84B}.Release|Any CPU.Build.0 = Release|Any CPU
		{ECB577C6-B2F6-4C74-A1DF-B7C8C936C14A}.Debug|Any CPU.ActiveCfg = Debug|Any CPU
		{ECB577C6-B2F6-4C74-A1DF-B7C8C936C14A}.Debug|Any CPU.Build.0 = Debug|Any CPU
		{ECB577C6-B2F6-4C74-A1DF-B7C8C936C14A}.Release|Any CPU.ActiveCfg = Release|Any CPU
		{ECB577C6-B2F6-4C74-A1DF-B7C8C936C14A}.Release|Any CPU.Build.0 = Release|Any CPU
		{9873B157-A162-4679-AAA4-9FA22A676F71}.Debug|Any CPU.ActiveCfg = Debug|Any CPU
		{9873B157-A162-4679-AAA4-9FA22A676F71}.Debug|Any CPU.Build.0 = Debug|Any CPU
		{9873B157-A162-4679-AAA4-9FA22A676F71}.Release|Any CPU.ActiveCfg = Release|Any CPU
		{9873B157-A162-4679-AAA4-9FA22A676F71}.Release|Any CPU.Build.0 = Release|Any CPU
		{541C4FF1-C405-4729-904E-96F850307306}.Debug|Any CPU.ActiveCfg = Debug|Any CPU
		{541C4FF1-C405-4729-904E-96F850307306}.Debug|Any CPU.Build.0 = Debug|Any CPU
		{541C4FF1-C405-4729-904E-96F850307306}.Release|Any CPU.ActiveCfg = Release|Any CPU
		{541C4FF1-C405-4729-904E-96F850307306}.Release|Any CPU.Build.0 = Release|Any CPU
		{9A51035D-D926-4F1F-AD24-81340488BAA0}.Debug|Any CPU.ActiveCfg = Debug|Any CPU
		{9A51035D-D926-4F1F-AD24-81340488BAA0}.Debug|Any CPU.Build.0 = Debug|Any CPU
		{9A51035D-D926-4F1F-AD24-81340488BAA0}.Release|Any CPU.ActiveCfg = Release|Any CPU
		{9A51035D-D926-4F1F-AD24-81340488BAA0}.Release|Any CPU.Build.0 = Release|Any CPU
		{E3B92A6B-EEBA-46DE-8170-39484C70010D}.Debug|Any CPU.ActiveCfg = Debug|Any CPU
		{E3B92A6B-EEBA-46DE-8170-39484C70010D}.Debug|Any CPU.Build.0 = Debug|Any CPU
		{E3B92A6B-EEBA-46DE-8170-39484C70010D}.Release|Any CPU.ActiveCfg = Release|Any CPU
		{E3B92A6B-EEBA-46DE-8170-39484C70010D}.Release|Any CPU.Build.0 = Release|Any CPU
		{E2A812E6-D9D3-474C-9D7F-DA837782EB3D}.Debug|Any CPU.ActiveCfg = Debug|Any CPU
		{E2A812E6-D9D3-474C-9D7F-DA837782EB3D}.Debug|Any CPU.Build.0 = Debug|Any CPU
		{E2A812E6-D9D3-474C-9D7F-DA837782EB3D}.Release|Any CPU.ActiveCfg = Release|Any CPU
		{E2A812E6-D9D3-474C-9D7F-DA837782EB3D}.Release|Any CPU.Build.0 = Release|Any CPU
		{3AFA4C34-9D85-45BF-B437-BB59E534AE30}.Debug|Any CPU.ActiveCfg = Debug|Any CPU
		{3AFA4C34-9D85-45BF-B437-BB59E534AE30}.Debug|Any CPU.Build.0 = Debug|Any CPU
		{3AFA4C34-9D85-45BF-B437-BB59E534AE30}.Release|Any CPU.ActiveCfg = Release|Any CPU
		{3AFA4C34-9D85-45BF-B437-BB59E534AE30}.Release|Any CPU.Build.0 = Release|Any CPU
		{5D40B7AE-519B-4154-A95E-F2D237B691F6}.Debug|Any CPU.ActiveCfg = Debug|Any CPU
		{5D40B7AE-519B-4154-A95E-F2D237B691F6}.Debug|Any CPU.Build.0 = Debug|Any CPU
		{5D40B7AE-519B-4154-A95E-F2D237B691F6}.Release|Any CPU.ActiveCfg = Release|Any CPU
		{5D40B7AE-519B-4154-A95E-F2D237B691F6}.Release|Any CPU.Build.0 = Release|Any CPU
		{7F58E7EB-ED7D-4AAE-BEC1-933A02F129C6}.Debug|Any CPU.ActiveCfg = Debug|Any CPU
		{7F58E7EB-ED7D-4AAE-BEC1-933A02F129C6}.Debug|Any CPU.Build.0 = Debug|Any CPU
		{7F58E7EB-ED7D-4AAE-BEC1-933A02F129C6}.Release|Any CPU.ActiveCfg = Release|Any CPU
		{7F58E7EB-ED7D-4AAE-BEC1-933A02F129C6}.Release|Any CPU.Build.0 = Release|Any CPU
		{CE614EB4-F889-4677-8A6A-6E1549BC2CC0}.Debug|Any CPU.ActiveCfg = Debug|Any CPU
		{CE614EB4-F889-4677-8A6A-6E1549BC2CC0}.Debug|Any CPU.Build.0 = Debug|Any CPU
		{CE614EB4-F889-4677-8A6A-6E1549BC2CC0}.Release|Any CPU.ActiveCfg = Release|Any CPU
		{CE614EB4-F889-4677-8A6A-6E1549BC2CC0}.Release|Any CPU.Build.0 = Release|Any CPU
		{532ABD2C-15EE-43B8-BCA3-C89AE4527194}.Debug|Any CPU.ActiveCfg = Debug|Any CPU
		{532ABD2C-15EE-43B8-BCA3-C89AE4527194}.Debug|Any CPU.Build.0 = Debug|Any CPU
		{532ABD2C-15EE-43B8-BCA3-C89AE4527194}.Release|Any CPU.ActiveCfg = Release|Any CPU
		{532ABD2C-15EE-43B8-BCA3-C89AE4527194}.Release|Any CPU.Build.0 = Release|Any CPU
		{20874686-3CC9-4485-9BF5-85B2ED013D33}.Debug|Any CPU.ActiveCfg = Debug|Any CPU
		{20874686-3CC9-4485-9BF5-85B2ED013D33}.Debug|Any CPU.Build.0 = Debug|Any CPU
		{20874686-3CC9-4485-9BF5-85B2ED013D33}.Release|Any CPU.ActiveCfg = Release|Any CPU
		{20874686-3CC9-4485-9BF5-85B2ED013D33}.Release|Any CPU.Build.0 = Release|Any CPU
		{9726590A-5811-4FC9-969E-3D796E46B418}.Debug|Any CPU.ActiveCfg = Debug|Any CPU
		{9726590A-5811-4FC9-969E-3D796E46B418}.Debug|Any CPU.Build.0 = Debug|Any CPU
		{9726590A-5811-4FC9-969E-3D796E46B418}.Release|Any CPU.ActiveCfg = Release|Any CPU
		{9726590A-5811-4FC9-969E-3D796E46B418}.Release|Any CPU.Build.0 = Release|Any CPU
		{3BEC098E-A8F9-43AD-913C-0BD7484C7CA8}.Debug|Any CPU.ActiveCfg = Debug|Any CPU
		{3BEC098E-A8F9-43AD-913C-0BD7484C7CA8}.Debug|Any CPU.Build.0 = Debug|Any CPU
		{3BEC098E-A8F9-43AD-913C-0BD7484C7CA8}.Release|Any CPU.ActiveCfg = Release|Any CPU
		{3BEC098E-A8F9-43AD-913C-0BD7484C7CA8}.Release|Any CPU.Build.0 = Release|Any CPU
		{ADE7E5F1-D3F1-441B-A88E-5DBC0DF13237}.Debug|Any CPU.ActiveCfg = Debug|Any CPU
		{ADE7E5F1-D3F1-441B-A88E-5DBC0DF13237}.Debug|Any CPU.Build.0 = Debug|Any CPU
		{ADE7E5F1-D3F1-441B-A88E-5DBC0DF13237}.Release|Any CPU.ActiveCfg = Release|Any CPU
		{ADE7E5F1-D3F1-441B-A88E-5DBC0DF13237}.Release|Any CPU.Build.0 = Release|Any CPU
		{6E871670-128E-4F13-A102-BFE0E69154FB}.Debug|Any CPU.ActiveCfg = Debug|Any CPU
		{6E871670-128E-4F13-A102-BFE0E69154FB}.Debug|Any CPU.Build.0 = Debug|Any CPU
		{6E871670-128E-4F13-A102-BFE0E69154FB}.Release|Any CPU.ActiveCfg = Release|Any CPU
		{6E871670-128E-4F13-A102-BFE0E69154FB}.Release|Any CPU.Build.0 = Release|Any CPU
		{9BD47A26-55D5-4CCD-AC02-236A0432076C}.Debug|Any CPU.ActiveCfg = Debug|Any CPU
		{9BD47A26-55D5-4CCD-AC02-236A0432076C}.Debug|Any CPU.Build.0 = Debug|Any CPU
		{9BD47A26-55D5-4CCD-AC02-236A0432076C}.Release|Any CPU.ActiveCfg = Release|Any CPU
		{9BD47A26-55D5-4CCD-AC02-236A0432076C}.Release|Any CPU.Build.0 = Release|Any CPU
		{1014B4E8-8E99-4FE2-8648-1AE6E730E935}.Debug|Any CPU.ActiveCfg = Debug|Any CPU
		{1014B4E8-8E99-4FE2-8648-1AE6E730E935}.Debug|Any CPU.Build.0 = Debug|Any CPU
		{1014B4E8-8E99-4FE2-8648-1AE6E730E935}.Release|Any CPU.ActiveCfg = Release|Any CPU
		{1014B4E8-8E99-4FE2-8648-1AE6E730E935}.Release|Any CPU.Build.0 = Release|Any CPU
		{23FCF9B2-A5F3-4563-889D-0068B154796D}.Debug|Any CPU.ActiveCfg = Debug|Any CPU
		{23FCF9B2-A5F3-4563-889D-0068B154796D}.Debug|Any CPU.Build.0 = Debug|Any CPU
		{23FCF9B2-A5F3-4563-889D-0068B154796D}.Release|Any CPU.ActiveCfg = Release|Any CPU
		{23FCF9B2-A5F3-4563-889D-0068B154796D}.Release|Any CPU.Build.0 = Release|Any CPU
		{894908F2-01CE-4FA5-AE0A-C5A56326EF09}.Debug|Any CPU.ActiveCfg = Debug|Any CPU
		{894908F2-01CE-4FA5-AE0A-C5A56326EF09}.Debug|Any CPU.Build.0 = Debug|Any CPU
		{894908F2-01CE-4FA5-AE0A-C5A56326EF09}.Release|Any CPU.ActiveCfg = Release|Any CPU
		{894908F2-01CE-4FA5-AE0A-C5A56326EF09}.Release|Any CPU.Build.0 = Release|Any CPU
		{731A2C6B-4CCA-4BB7-AE68-E723D601753D}.Debug|Any CPU.ActiveCfg = Debug|Any CPU
		{731A2C6B-4CCA-4BB7-AE68-E723D601753D}.Debug|Any CPU.Build.0 = Debug|Any CPU
		{731A2C6B-4CCA-4BB7-AE68-E723D601753D}.Release|Any CPU.ActiveCfg = Release|Any CPU
		{731A2C6B-4CCA-4BB7-AE68-E723D601753D}.Release|Any CPU.Build.0 = Release|Any CPU
		{DBEF6A18-142B-4815-B91B-5ADD686DDC6B}.Debug|Any CPU.ActiveCfg = Debug|Any CPU
		{DBEF6A18-142B-4815-B91B-5ADD686DDC6B}.Debug|Any CPU.Build.0 = Debug|Any CPU
		{DBEF6A18-142B-4815-B91B-5ADD686DDC6B}.Release|Any CPU.ActiveCfg = Release|Any CPU
		{DBEF6A18-142B-4815-B91B-5ADD686DDC6B}.Release|Any CPU.Build.0 = Release|Any CPU
	EndGlobalSection
	GlobalSection(SolutionProperties) = preSolution
		HideSolutionNode = FALSE
	EndGlobalSection
	GlobalSection(NestedProjects) = preSolution
		{2CA947BA-1311-46AC-BAE5-E47DB75D5B1D} = {6774AC91-0318-4C96-A0A0-02A9D8794EEE}
		{DF0EE116-2FD2-4026-BF2D-FD547A41A84B} = {6774AC91-0318-4C96-A0A0-02A9D8794EEE}
		{ECB577C6-B2F6-4C74-A1DF-B7C8C936C14A} = {2E36F7B3-DFE8-470F-89C5-815E5ED3F940}
		{9873B157-A162-4679-AAA4-9FA22A676F71} = {2E36F7B3-DFE8-470F-89C5-815E5ED3F940}
		{541C4FF1-C405-4729-904E-96F850307306} = {2E36F7B3-DFE8-470F-89C5-815E5ED3F940}
		{9A51035D-D926-4F1F-AD24-81340488BAA0} = {2E36F7B3-DFE8-470F-89C5-815E5ED3F940}
		{E3B92A6B-EEBA-46DE-8170-39484C70010D} = {2E36F7B3-DFE8-470F-89C5-815E5ED3F940}
		{E2A812E6-D9D3-474C-9D7F-DA837782EB3D} = {53111107-679F-4941-8899-A8C538421F6C}
		{3AFA4C34-9D85-45BF-B437-BB59E534AE30} = {53111107-679F-4941-8899-A8C538421F6C}
		{5D40B7AE-519B-4154-A95E-F2D237B691F6} = {53111107-679F-4941-8899-A8C538421F6C}
		{7F58E7EB-ED7D-4AAE-BEC1-933A02F129C6} = {53111107-679F-4941-8899-A8C538421F6C}
		{CE614EB4-F889-4677-8A6A-6E1549BC2CC0} = {53111107-679F-4941-8899-A8C538421F6C}
		{532ABD2C-15EE-43B8-BCA3-C89AE4527194} = {94A456D2-8B92-4478-9CA7-C9FD1D4DB968}
		{20874686-3CC9-4485-9BF5-85B2ED013D33} = {94A456D2-8B92-4478-9CA7-C9FD1D4DB968}
		{9726590A-5811-4FC9-969E-3D796E46B418} = {94A456D2-8B92-4478-9CA7-C9FD1D4DB968}
		{3BEC098E-A8F9-43AD-913C-0BD7484C7CA8} = {6A9349D9-C2DD-4654-9210-0B0AC5F229E8}
		{ADE7E5F1-D3F1-441B-A88E-5DBC0DF13237} = {6A9349D9-C2DD-4654-9210-0B0AC5F229E8}
		{6E871670-128E-4F13-A102-BFE0E69154FB} = {6A9349D9-C2DD-4654-9210-0B0AC5F229E8}
		{9BD47A26-55D5-4CCD-AC02-236A0432076C} = {6A9349D9-C2DD-4654-9210-0B0AC5F229E8}
		{1014B4E8-8E99-4FE2-8648-1AE6E730E935} = {93948657-8EF9-4B70-B831-9A0E1C71FDC9}
		{23FCF9B2-A5F3-4563-889D-0068B154796D} = {93948657-8EF9-4B70-B831-9A0E1C71FDC9}
		{894908F2-01CE-4FA5-AE0A-C5A56326EF09} = {93948657-8EF9-4B70-B831-9A0E1C71FDC9}
		{731A2C6B-4CCA-4BB7-AE68-E723D601753D} = {93948657-8EF9-4B70-B831-9A0E1C71FDC9}
		{DBEF6A18-142B-4815-B91B-5ADD686DDC6B} = {AF6FED14-C2C3-4543-A3D3-A405B433E400}
	EndGlobalSection
	GlobalSection(ExtensibilityGlobals) = postSolution
		SolutionGuid = {703ABBF7-A9EB-4998-BA4C-91C216B16997}
	EndGlobalSection
EndGlobal
